// !$*UTF8*$!
{
	archiveVersion = 1;
	classes = {
	};
	objectVersion = 50;
	objects = {

/* Begin PBXBuildFile section */
		6069778B21C1367100995081 /* AppDelegate.m in Sources */ = {isa = PBXBuildFile; fileRef = 6069778A21C1367100995081 /* AppDelegate.m */; };
		6069778E21C1367100995081 /* ViewController.m in Sources */ = {isa = PBXBuildFile; fileRef = 6069778D21C1367100995081 /* ViewController.m */; };
		6069779121C1367100995081 /* Main.storyboard in Resources */ = {isa = PBXBuildFile; fileRef = 6069778F21C1367100995081 /* Main.storyboard */; };
		6069779321C1367200995081 /* Assets.xcassets in Resources */ = {isa = PBXBuildFile; fileRef = 6069779221C1367200995081 /* Assets.xcassets */; };
		6069779621C1367200995081 /* LaunchScreen.storyboard in Resources */ = {isa = PBXBuildFile; fileRef = 6069779421C1367200995081 /* LaunchScreen.storyboard */; };
		6069779921C1367200995081 /* main.m in Sources */ = {isa = PBXBuildFile; fileRef = 6069779821C1367200995081 /* main.m */; };
		606977A121C136BC00995081 /* IMNWGCDSocketConnect.m in Sources */ = {isa = PBXBuildFile; fileRef = 606977A021C136BC00995081 /* IMNWGCDSocketConnect.m */; };
		606977A621C1379500995081 /* GCDAsyncSocket.m in Sources */ = {isa = PBXBuildFile; fileRef = 606977A221C1379400995081 /* GCDAsyncSocket.m */; };
		606977A721C1379500995081 /* IMNWMessage.m in Sources */ = {isa = PBXBuildFile; fileRef = 606977A521C1379400995081 /* IMNWMessage.m */; };
		606977AA21C139B400995081 /* IMNWProxy.m in Sources */ = {isa = PBXBuildFile; fileRef = 606977A921C139B400995081 /* IMNWProxy.m */; };
		606977AD21C13A8500995081 /* IMNWManager.m in Sources */ = {isa = PBXBuildFile; fileRef = 606977AC21C13A8500995081 /* IMNWManager.m */; };
/* End PBXBuildFile section */

/* Begin PBXFileReference section */
		6069778621C1367000995081 /* SocketConnectDemo.app */ = {isa = PBXFileReference; explicitFileType = wrapper.application; includeInIndex = 0; path = SocketConnectDemo.app; sourceTree = BUILT_PRODUCTS_DIR; };
		6069778921C1367100995081 /* AppDelegate.h */ = {isa = PBXFileReference; lastKnownFileType = sourcecode.c.h; path = AppDelegate.h; sourceTree = "<group>"; };
		6069778A21C1367100995081 /* AppDelegate.m */ = {isa = PBXFileReference; lastKnownFileType = sourcecode.c.objc; path = AppDelegate.m; sourceTree = "<group>"; };
		6069778C21C1367100995081 /* ViewController.h */ = {isa = PBXFileReference; lastKnownFileType = sourcecode.c.h; path = ViewController.h; sourceTree = "<group>"; };
		6069778D21C1367100995081 /* ViewController.m */ = {isa = PBXFileReference; lastKnownFileType = sourcecode.c.objc; path = ViewController.m; sourceTree = "<group>"; };
		6069779021C1367100995081 /* Base */ = {isa = PBXFileReference; lastKnownFileType = file.storyboard; name = Base; path = Base.lproj/Main.storyboard; sourceTree = "<group>"; };
		6069779221C1367200995081 /* Assets.xcassets */ = {isa = PBXFileReference; lastKnownFileType = folder.assetcatalog; path = Assets.xcassets; sourceTree = "<group>"; };
		6069779521C1367200995081 /* Base */ = {isa = PBXFileReference; lastKnownFileType = file.storyboard; name = Base; path = Base.lproj/LaunchScreen.storyboard; sourceTree = "<group>"; };
		6069779721C1367200995081 /* Info.plist */ = {isa = PBXFileReference; lastKnownFileType = text.plist.xml; path = Info.plist; sourceTree = "<group>"; };
		6069779821C1367200995081 /* main.m */ = {isa = PBXFileReference; lastKnownFileType = sourcecode.c.objc; path = main.m; sourceTree = "<group>"; };
		6069779F21C136BC00995081 /* IMNWGCDSocketConnect.h */ = {isa = PBXFileReference; fileEncoding = 4; lastKnownFileType = sourcecode.c.h; path = IMNWGCDSocketConnect.h; sourceTree = "<group>"; };
		606977A021C136BC00995081 /* IMNWGCDSocketConnect.m */ = {isa = PBXFileReference; fileEncoding = 4; lastKnownFileType = sourcecode.c.objc; path = IMNWGCDSocketConnect.m; sourceTree = "<group>"; };
		606977A221C1379400995081 /* GCDAsyncSocket.m */ = {isa = PBXFileReference; fileEncoding = 4; lastKnownFileType = sourcecode.c.objc; path = GCDAsyncSocket.m; sourceTree = "<group>"; };
		606977A321C1379400995081 /* IMNWMessage.h */ = {isa = PBXFileReference; fileEncoding = 4; lastKnownFileType = sourcecode.c.h; path = IMNWMessage.h; sourceTree = "<group>"; };
		606977A421C1379400995081 /* GCDAsyncSocket.h */ = {isa = PBXFileReference; fileEncoding = 4; lastKnownFileType = sourcecode.c.h; path = GCDAsyncSocket.h; sourceTree = "<group>"; };
		606977A521C1379400995081 /* IMNWMessage.m */ = {isa = PBXFileReference; fileEncoding = 4; lastKnownFileType = sourcecode.c.objc; path = IMNWMessage.m; sourceTree = "<group>"; };
		606977A821C139B400995081 /* IMNWProxy.h */ = {isa = PBXFileReference; fileEncoding = 4; lastKnownFileType = sourcecode.c.h; path = IMNWProxy.h; sourceTree = "<group>"; };
		606977A921C139B400995081 /* IMNWProxy.m */ = {isa = PBXFileReference; fileEncoding = 4; lastKnownFileType = sourcecode.c.objc; path = IMNWProxy.m; sourceTree = "<group>"; };
		606977AB21C13A8400995081 /* IMNWManager.h */ = {isa = PBXFileReference; fileEncoding = 4; lastKnownFileType = sourcecode.c.h; path = IMNWManager.h; sourceTree = "<group>"; };
		606977AC21C13A8500995081 /* IMNWManager.m */ = {isa = PBXFileReference; fileEncoding = 4; lastKnownFileType = sourcecode.c.objc; path = IMNWManager.m; sourceTree = "<group>"; };
/* End PBXFileReference section */

/* Begin PBXFrameworksBuildPhase section */
		6069778321C1367000995081 /* Frameworks */ = {
			isa = PBXFrameworksBuildPhase;
			buildActionMask = 2147483647;
			files = (
			);
			runOnlyForDeploymentPostprocessing = 0;
		};
/* End PBXFrameworksBuildPhase section */

/* Begin PBXGroup section */
		6069777D21C1367000995081 = {
			isa = PBXGroup;
			children = (
				6069778821C1367000995081 /* SocketConnectDemo */,
				6069778721C1367000995081 /* Products */,
			);
			sourceTree = "<group>";
		};
		6069778721C1367000995081 /* Products */ = {
			isa = PBXGroup;
			children = (
				6069778621C1367000995081 /* SocketConnectDemo.app */,
			);
			name = Products;
			sourceTree = "<group>";
		};
		6069778821C1367000995081 /* SocketConnectDemo */ = {
			isa = PBXGroup;
			children = (
				6069778921C1367100995081 /* AppDelegate.h */,
				6069778A21C1367100995081 /* AppDelegate.m */,
				6069778C21C1367100995081 /* ViewController.h */,
				6069778D21C1367100995081 /* ViewController.m */,
				6069779F21C136BC00995081 /* IMNWGCDSocketConnect.h */,
				606977A021C136BC00995081 /* IMNWGCDSocketConnect.m */,
				606977A421C1379400995081 /* GCDAsyncSocket.h */,
				606977A221C1379400995081 /* GCDAsyncSocket.m */,
				606977A321C1379400995081 /* IMNWMessage.h */,
				606977A521C1379400995081 /* IMNWMessage.m */,
				606977A821C139B400995081 /* IMNWProxy.h */,
				606977A921C139B400995081 /* IMNWProxy.m */,
				606977AB21C13A8400995081 /* IMNWManager.h */,
				606977AC21C13A8500995081 /* IMNWManager.m */,
				6069778F21C1367100995081 /* Main.storyboard */,
				6069779221C1367200995081 /* Assets.xcassets */,
				6069779421C1367200995081 /* LaunchScreen.storyboard */,
				6069779721C1367200995081 /* Info.plist */,
				6069779821C1367200995081 /* main.m */,
			);
			path = SocketConnectDemo;
			sourceTree = "<group>";
		};
/* End PBXGroup section */

/* Begin PBXNativeTarget section */
		6069778521C1367000995081 /* SocketConnectDemo */ = {
			isa = PBXNativeTarget;
			buildConfigurationList = 6069779C21C1367200995081 /* Build configuration list for PBXNativeTarget "SocketConnectDemo" */;
			buildPhases = (
				6069778221C1367000995081 /* Sources */,
				6069778321C1367000995081 /* Frameworks */,
				6069778421C1367000995081 /* Resources */,
			);
			buildRules = (
			);
			dependencies = (
			);
			name = SocketConnectDemo;
			productName = SocketConnectDemo;
			productReference = 6069778621C1367000995081 /* SocketConnectDemo.app */;
			productType = "com.apple.product-type.application";
		};
/* End PBXNativeTarget section */

/* Begin PBXProject section */
		6069777E21C1367000995081 /* Project object */ = {
			isa = PBXProject;
			attributes = {
				LastUpgradeCheck = 1010;
				ORGANIZATIONNAME = hyz;
				TargetAttributes = {
					6069778521C1367000995081 = {
						CreatedOnToolsVersion = 10.1;
					};
				};
			};
			buildConfigurationList = 6069778121C1367000995081 /* Build configuration list for PBXProject "SocketConnectDemo" */;
			compatibilityVersion = "Xcode 9.3";
			developmentRegion = en;
			hasScannedForEncodings = 0;
			knownRegions = (
				en,
				Base,
			);
			mainGroup = 6069777D21C1367000995081;
			productRefGroup = 6069778721C1367000995081 /* Products */;
			projectDirPath = "";
			projectRoot = "";
			targets = (
				6069778521C1367000995081 /* SocketConnectDemo */,
			);
		};
/* End PBXProject section */

/* Begin PBXResourcesBuildPhase section */
		6069778421C1367000995081 /* Resources */ = {
			isa = PBXResourcesBuildPhase;
			buildActionMask = 2147483647;
			files = (
				6069779621C1367200995081 /* LaunchScreen.storyboard in Resources */,
				6069779321C1367200995081 /* Assets.xcassets in Resources */,
				6069779121C1367100995081 /* Main.storyboard in Resources */,
			);
			runOnlyForDeploymentPostprocessing = 0;
		};
/* End PBXResourcesBuildPhase section */

/* Begin PBXSourcesBuildPhase section */
		6069778221C1367000995081 /* Sources */ = {
			isa = PBXSourcesBuildPhase;
			buildActionMask = 2147483647;
			files = (
				606977A721C1379500995081 /* IMNWMessage.m in Sources */,
				6069778E21C1367100995081 /* ViewController.m in Sources */,
				606977A621C1379500995081 /* GCDAsyncSocket.m in Sources */,
				606977A121C136BC00995081 /* IMNWGCDSocketConnect.m in Sources */,
				6069779921C1367200995081 /* main.m in Sources */,
				606977AA21C139B400995081 /* IMNWProxy.m in Sources */,
				606977AD21C13A8500995081 /* IMNWManager.m in Sources */,
				6069778B21C1367100995081 /* AppDelegate.m in Sources */,
			);
			runOnlyForDeploymentPostprocessing = 0;
		};
/* End PBXSourcesBuildPhase section */

/* Begin PBXVariantGroup section */
		6069778F21C1367100995081 /* Main.storyboard */ = {
			isa = PBXVariantGroup;
			children = (
				6069779021C1367100995081 /* Base */,
			);
			name = Main.storyboard;
			sourceTree = "<group>";
		};
		6069779421C1367200995081 /* LaunchScreen.storyboard */ = {
			isa = PBXVariantGroup;
			children = (
				6069779521C1367200995081 /* Base */,
			);
			name = LaunchScreen.storyboard;
			sourceTree = "<group>";
		};
/* End PBXVariantGroup section */

/* Begin XCBuildConfiguration section */
		6069779A21C1367200995081 /* Debug */ = {
			isa = XCBuildConfiguration;
			buildSettings = {
				ALWAYS_SEARCH_USER_PATHS = NO;
				CLANG_ANALYZER_NONNULL = YES;
				CLANG_ANALYZER_NUMBER_OBJECT_CONVERSION = YES_AGGRESSIVE;
				CLANG_CXX_LANGUAGE_STANDARD = "gnu++14";
				CLANG_CXX_LIBRARY = "libc++";
				CLANG_ENABLE_MODULES = YES;
				CLANG_ENABLE_OBJC_ARC = YES;
				CLANG_ENABLE_OBJC_WEAK = YES;
				CLANG_WARN_BLOCK_CAPTURE_AUTORELEASING = YES;
				CLANG_WARN_BOOL_CONVERSION = YES;
				CLANG_WARN_COMMA = YES;
				CLANG_WARN_CONSTANT_CONVERSION = YES;
				CLANG_WARN_DEPRECATED_OBJC_IMPLEMENTATIONS = YES;
				CLANG_WARN_DIRECT_OBJC_ISA_USAGE = YES_ERROR;
				CLANG_WARN_DOCUMENTATION_COMMENTS = YES;
				CLANG_WARN_EMPTY_BODY = YES;
				CLANG_WARN_ENUM_CONVERSION = YES;
				CLANG_WARN_INFINITE_RECURSION = YES;
				CLANG_WARN_INT_CONVERSION = YES;
				CLANG_WARN_NON_LITERAL_NULL_CONVERSION = YES;
				CLANG_WARN_OBJC_IMPLICIT_RETAIN_SELF = YES;
				CLANG_WARN_OBJC_LITERAL_CONVERSION = YES;
				CLANG_WARN_OBJC_ROOT_CLASS = YES_ERROR;
				CLANG_WARN_RANGE_LOOP_ANALYSIS = YES;
				CLANG_WARN_STRICT_PROTOTYPES = YES;
				CLANG_WARN_SUSPICIOUS_MOVE = YES;
				CLANG_WARN_UNGUARDED_AVAILABILITY = YES_AGGRESSIVE;
				CLANG_WARN_UNREACHABLE_CODE = YES;
				CLANG_WARN__DUPLICATE_METHOD_MATCH = YES;
				CODE_SIGN_IDENTITY = "iPhone Developer";
				COPY_PHASE_STRIP = NO;
				DEBUG_INFORMATION_FORMAT = dwarf;
				ENABLE_STRICT_OBJC_MSGSEND = YES;
				ENABLE_TESTABILITY = YES;
				GCC_C_LANGUAGE_STANDARD = gnu11;
				GCC_DYNAMIC_NO_PIC = NO;
				GCC_NO_COMMON_BLOCKS = YES;
				GCC_OPTIMIZATION_LEVEL = 0;
				GCC_PREPROCESSOR_DEFINITIONS = (
					"DEBUG=1",
					"$(inherited)",
				);
				GCC_WARN_64_TO_32_BIT_CONVERSION = YES;
				GCC_WARN_ABOUT_RETURN_TYPE = YES_ERROR;
				GCC_WARN_UNDECLARED_SELECTOR = YES;
				GCC_WARN_UNINITIALIZED_AUTOS = YES_AGGRESSIVE;
				GCC_WARN_UNUSED_FUNCTION = YES;
				GCC_WARN_UNUSED_VARIABLE = YES;
				IPHONEOS_DEPLOYMENT_TARGET = 12.1;
				MTL_ENABLE_DEBUG_INFO = INCLUDE_SOURCE;
				MTL_FAST_MATH = YES;
				ONLY_ACTIVE_ARCH = YES;
				SDKROOT = iphoneos;
			};
			name = Debug;
		};
		6069779B21C1367200995081 /* Release */ = {
			isa = XCBuildConfiguration;
			buildSettings = {
				ALWAYS_SEARCH_USER_PATHS = NO;
				CLANG_ANALYZER_NONNULL = YES;
				CLANG_ANALYZER_NUMBER_OBJECT_CONVERSION = YES_AGGRESSIVE;
				CLANG_CXX_LANGUAGE_STANDARD = "gnu++14";
				CLANG_CXX_LIBRARY = "libc++";
				CLANG_ENABLE_MODULES = YES;
				CLANG_ENABLE_OBJC_ARC = YES;
				CLANG_ENABLE_OBJC_WEAK = YES;
				CLANG_WARN_BLOCK_CAPTURE_AUTORELEASING = YES;
				CLANG_WARN_BOOL_CONVERSION = YES;
				CLANG_WARN_COMMA = YES;
				CLANG_WARN_CONSTANT_CONVERSION = YES;
				CLANG_WARN_DEPRECATED_OBJC_IMPLEMENTATIONS = YES;
				CLANG_WARN_DIRECT_OBJC_ISA_USAGE = YES_ERROR;
				CLANG_WARN_DOCUMENTATION_COMMENTS = YES;
				CLANG_WARN_EMPTY_BODY = YES;
				CLANG_WARN_ENUM_CONVERSION = YES;
				CLANG_WARN_INFINITE_RECURSION = YES;
				CLANG_WARN_INT_CONVERSION = YES;
				CLANG_WARN_NON_LITERAL_NULL_CONVERSION = YES;
				CLANG_WARN_OBJC_IMPLICIT_RETAIN_SELF = YES;
				CLANG_WARN_OBJC_LITERAL_CONVERSION = YES;
				CLANG_WARN_OBJC_ROOT_CLASS = YES_ERROR;
				CLANG_WARN_RANGE_LOOP_ANALYSIS = YES;
				CLANG_WARN_STRICT_PROTOTYPES = YES;
				CLANG_WARN_SUSPICIOUS_MOVE = YES;
				CLANG_WARN_UNGUARDED_AVAILABILITY = YES_AGGRESSIVE;
				CLANG_WARN_UNREACHABLE_CODE = YES;
				CLANG_WARN__DUPLICATE_METHOD_MATCH = YES;
				CODE_SIGN_IDENTITY = "iPhone Developer";
				COPY_PHASE_STRIP = NO;
				DEBUG_INFORMATION_FORMAT = "dwarf-with-dsym";
				ENABLE_NS_ASSERTIONS = NO;
				ENABLE_STRICT_OBJC_MSGSEND = YES;
				GCC_C_LANGUAGE_STANDARD = gnu11;
				GCC_NO_COMMON_BLOCKS = YES;
				GCC_WARN_64_TO_32_BIT_CONVERSION = YES;
				GCC_WARN_ABOUT_RETURN_TYPE = YES_ERROR;
				GCC_WARN_UNDECLARED_SELECTOR = YES;
				GCC_WARN_UNINITIALIZED_AUTOS = YES_AGGRESSIVE;
				GCC_WARN_UNUSED_FUNCTION = YES;
				GCC_WARN_UNUSED_VARIABLE = YES;
				IPHONEOS_DEPLOYMENT_TARGET = 12.1;
				MTL_ENABLE_DEBUG_INFO = NO;
				MTL_FAST_MATH = YES;
				SDKROOT = iphoneos;
				VALIDATE_PRODUCT = YES;
			};
			name = Release;
		};
		6069779D21C1367200995081 /* Debug */ = {
			isa = XCBuildConfiguration;
			buildSettings = {
				ASSETCATALOG_COMPILER_APPICON_NAME = AppIcon;
				CODE_SIGN_STYLE = Automatic;
				INFOPLIST_FILE = SocketConnectDemo/Info.plist;
				LD_RUNPATH_SEARCH_PATHS = (
					"$(inherited)",
					"@executable_path/Frameworks",
				);
				PRODUCT_BUNDLE_IDENTIFIER = com.hyz.SocketConnectDemo;
				PRODUCT_NAME = "$(TARGET_NAME)";
				TARGETED_DEVICE_FAMILY = "1,2";
			};
			name = Debug;
		};
		6069779E21C1367200995081 /* Release */ = {
			isa = XCBuildConfiguration;
			buildSettings = {
				ASSETCATALOG_COMPILER_APPICON_NAME = AppIcon;
				CODE_SIGN_STYLE = Automatic;
				INFOPLIST_FILE = SocketConnectDemo/Info.plist;
				LD_RUNPATH_SEARCH_PATHS = (
					"$(inherited)",
					"@executable_path/Frameworks",
				);
				PRODUCT_BUNDLE_IDENTIFIER = com.hyz.SocketConnectDemo;
				PRODUCT_NAME = "$(TARGET_NAME)";
				TARGETED_DEVICE_FAMILY = "1,2";
			};
			name = Release;
		};
/* End XCBuildConfiguration section */

/* Begin XCConfigurationList section */
		6069778121C1367000995081 /* Build configuration list for PBXProject "SocketConnectDemo" */ = {
			isa = XCConfigurationList;
			buildConfigurations = (
				6069779A21C1367200995081 /* Debug */,
				6069779B21C1367200995081 /* Release */,
			);
			defaultConfigurationIsVisible = 0;
			defaultConfigurationName = Release;
		};
		6069779C21C1367200995081 /* Build configuration list for PBXNativeTarget "SocketConnectDemo" */ = {
			isa = XCConfigurationList;
			buildConfigurations = (
				6069779D21C1367200995081 /* Debug */,
				6069779E21C1367200995081 /* Release */,
			);
			defaultConfigurationIsVisible = 0;
			defaultConfigurationName = Release;
		};
/* End XCConfigurationList section */
	};
	rootObject = 6069777E21C1367000995081 /* Project object */;
}
